
Microsoft Visual Studio Solution File, Format Version 12.00
# Visual Studio Version 17
VisualStudioVersion = 17.14.36705.20 d17.14
MinimumVisualStudioVersion = 10.0.40219.1
Project("{FAE04EC0-301F-11D3-BF4B-00C04F79EFBC}") = "pdh_Day13_Lab3", "pdh_Day13_Lab3.csproj", "{14082E33-02C2-441D-BF83-8693A568EE7E}"
EndProject
Global
	GlobalSection(SolutionConfigurationPlatforms) = preSolution
		Debug|Any CPU = Debug|Any CPU
		Release|Any CPU = Release|Any CPU
	EndGlobalSection
	GlobalSection(ProjectConfigurationPlatforms) = postSolution
		{14082E33-02C2-441D-BF83-8693A568EE7E}.Debug|Any CPU.ActiveCfg = Debug|Any CPU
		{14082E33-02C2-441D-BF83-8693A568EE7E}.Debug|Any CPU.Build.0 = Debug|Any CPU
		{14082E33-02C2-441D-BF83-8693A568EE7E}.Release|Any CPU.ActiveCfg = Release|Any CPU
		{14082E33-02C2-441D-BF83-8693A568EE7E}.Release|Any CPU.Build.0 = Release|Any CPU
	EndGlobalSection
	GlobalSection(SolutionProperties) = preSolution
		HideSolutionNode = FALSE
	EndGlobalSection
	GlobalSection(ExtensibilityGlobals) = postSolution
		SolutionGuid = {06E9EFDB-16EE-4891-9782-FA0EC37F892B}
	EndGlobalSection
EndGlobal
